
Microsoft Visual Studio Solution File, Format Version 12.00
# Visual Studio Version 17
VisualStudioVersion = 17.4.33205.214
MinimumVisualStudioVersion = 10.0.40219.1
Project("{FAE04EC0-301F-11D3-BF4B-00C04F79EFBC}") = "Universal", "Universal\Universal.csproj", "{9FDEA9A2-1DCD-47CB-83B4-54C9084D9B6F}"
EndProject
Project("{FAE04EC0-301F-11D3-BF4B-00C04F79EFBC}") = "Biblioteca", "Biblioteca\Biblioteca.csproj", "{019029CC-996A-484D-8147-B6245F5E9312}"
EndProject
Global
	GlobalSection(SolutionConfigurationPlatforms) = preSolution
		Debug|Any CPU = Debug|Any CPU
		Release|Any CPU = Release|Any CPU
	EndGlobalSection
	GlobalSection(ProjectConfigurationPlatforms) = postSolution
		{9FDEA9A2-1DCD-47CB-83B4-54C9084D9B6F}.Debug|Any CPU.ActiveCfg = Debug|Any CPU
		{9FDEA9A2-1DCD-47CB-83B4-54C9084D9B6F}.Debug|Any CPU.Build.0 = Debug|Any CPU
		{9FDEA9A2-1DCD-47CB-83B4-54C9084D9B6F}.Release|Any CPU.ActiveCfg = Release|Any CPU
		{9FDEA9A2-1DCD-47CB-83B4-54C9084D9B6F}.Release|Any CPU.Build.0 = Release|Any CPU
		{019029CC-996A-484D-8147-B6245F5E9312}.Debug|Any CPU.ActiveCfg = Debug|Any CPU
		{019029CC-996A-484D-8147-B6245F5E9312}.Debug|Any CPU.Build.0 = Debug|Any CPU
		{019029CC-996A-484D-8147-B6245F5E9312}.Release|Any CPU.ActiveCfg = Release|Any CPU
		{019029CC-996A-484D-8147-B6245F5E9312}.Release|Any CPU.Build.0 = Release|Any CPU
	EndGlobalSection
	GlobalSection(SolutionProperties) = preSolution
		HideSolutionNode = FALSE
	EndGlobalSection
	GlobalSection(ExtensibilityGlobals) = postSolution
		SolutionGuid = {26DA635D-0A50-4A5B-A6C3-829D9E93ACED}
	EndGlobalSection
EndGlobal
