
Microsoft Visual Studio Solution File, Format Version 12.00
# Visual Studio Version 17
VisualStudioVersion = 17.4.33205.214
MinimumVisualStudioVersion = 10.0.40219.1
Project("{FAE04EC0-301F-11D3-BF4B-00C04F79EFBC}") = "universal", "universal\universal.csproj", "{AE120543-F25B-410F-BB35-38B0BCD1F991}"
EndProject
Project("{FAE04EC0-301F-11D3-BF4B-00C04F79EFBC}") = "Biblioteca", "Biblioteca\Biblioteca.csproj", "{12F8EC33-39D6-4BE0-9098-0E1D9574CEBA}"
EndProject
Global
	GlobalSection(SolutionConfigurationPlatforms) = preSolution
		Debug|Any CPU = Debug|Any CPU
		Release|Any CPU = Release|Any CPU
	EndGlobalSection
	GlobalSection(ProjectConfigurationPlatforms) = postSolution
		{AE120543-F25B-410F-BB35-38B0BCD1F991}.Debug|Any CPU.ActiveCfg = Debug|Any CPU
		{AE120543-F25B-410F-BB35-38B0BCD1F991}.Debug|Any CPU.Build.0 = Debug|Any CPU
		{AE120543-F25B-410F-BB35-38B0BCD1F991}.Release|Any CPU.ActiveCfg = Release|Any CPU
		{AE120543-F25B-410F-BB35-38B0BCD1F991}.Release|Any CPU.Build.0 = Release|Any CPU
		{12F8EC33-39D6-4BE0-9098-0E1D9574CEBA}.Debug|Any CPU.ActiveCfg = Debug|Any CPU
		{12F8EC33-39D6-4BE0-9098-0E1D9574CEBA}.Debug|Any CPU.Build.0 = Debug|Any CPU
		{12F8EC33-39D6-4BE0-9098-0E1D9574CEBA}.Release|Any CPU.ActiveCfg = Release|Any CPU
		{12F8EC33-39D6-4BE0-9098-0E1D9574CEBA}.Release|Any CPU.Build.0 = Release|Any CPU
	EndGlobalSection
	GlobalSection(SolutionProperties) = preSolution
		HideSolutionNode = FALSE
	EndGlobalSection
	GlobalSection(ExtensibilityGlobals) = postSolution
		SolutionGuid = {613796FC-DEE0-4CA4-A878-73B4E050C170}
	EndGlobalSection
EndGlobal
